PODS:
  - IQKeyboardManager (6.2.0)
  - Nimble (7.3.1)
  - Quick (1.3.2)
  - Realm (3.11.1):
    - Realm/Headers (= 3.11.1)
  - Realm/Headers (3.11.1)
  - RealmSwift (3.11.1):
    - Realm (= 3.11.1)
  - Swinject (2.5.0)
  - SwinjectStoryboard (2.1.0):
    - Swinject (~> 2.5)

DEPENDENCIES:
  - IQKeyboardManager (= 6.2.0)
  - Nimble (= 7.3.1)
  - Quick (= 1.3.2)
  - RealmSwift (= 3.11.1)
  - Swinject (= 2.5.0)
  - SwinjectStoryboard (= 2.1.0)

SPEC REPOS:
  https://github.com/cocoapods/specs.git:
    - IQKeyboardManager
    - Nimble
    - Quick
    - Realm
    - RealmSwift
    - Swinject
    - SwinjectStoryboard

SPEC CHECKSUMS:
  IQKeyboardManager: 6194101620b73af5e67900b8f89707a99de0b804
  Nimble: 04f732da099ea4d153122aec8c2a88fd0c7219ae
  Quick: 2623cb30d7a7f41ca62f684f679586558f483d46
  Realm: 037c5919b9ceb59d6beed5d3b031096856b119b3
  RealmSwift: c9580133e73ef40ed340401af2dbc9a5790dfea7
  Swinject: 82cdb851f63f91bba974e3eca1d69780f2f7677e
  SwinjectStoryboard: 688f096033103e66ffcf6ca678211acd7d7be505

PODFILE CHECKSUM: f1794e248d1f2c57d8f23916a628fbca4b8286f9

COCOAPODS: 1.5.3
